
Microsoft Visual Studio Solution File, Format Version 12.00
# Visual Studio Version 17
VisualStudioVersion = 17.11.35219.272
MinimumVisualStudioVersion = 10.0.40219.1
Project("{FAE04EC0-301F-11D3-BF4B-00C04F79EFBC}") = "Catalog", "Catalog\Catalog.csproj", "{F7F33EF4-7884-4523-B390-B286F2551489}"
EndProject
Global
	GlobalSection(SolutionConfigurationPlatforms) = preSolution
		Debug|Any CPU = Debug|Any CPU
		Release|Any CPU = Release|Any CPU
	EndGlobalSection
	GlobalSection(ProjectConfigurationPlatforms) = postSolution
		{F7F33EF4-7884-4523-B390-B286F2551489}.Debug|Any CPU.ActiveCfg = Debug|Any CPU
		{F7F33EF4-7884-4523-B390-B286F2551489}.Debug|Any CPU.Build.0 = Debug|Any CPU
		{F7F33EF4-7884-4523-B390-B286F2551489}.Release|Any CPU.ActiveCfg = Release|Any CPU
		{F7F33EF4-7884-4523-B390-B286F2551489}.Release|Any CPU.Build.0 = Release|Any CPU
	EndGlobalSection
	GlobalSection(SolutionProperties) = preSolution
		HideSolutionNode = FALSE
	EndGlobalSection
	GlobalSection(ExtensibilityGlobals) = postSolution
		SolutionGuid = {D743894D-022F-457A-A01E-1D24E21A58C8}
	EndGlobalSection
EndGlobal
